// !$*UTF8*$!
{
	archiveVersion = 1;
	classes = {
	};
	objectVersion = 60;
	objects = {

/* Begin PBXBuildFile section */
		7C0760A42EC307F700302407 /* AppDelegate.m in Sources */ = {isa = PBXBuildFile; fileRef = 7C0760A32EC307F700302407 /* AppDelegate.m */; };
		7C0760A72EC307F700302407 /* SceneDelegate.m in Sources */ = {isa = PBXBuildFile; fileRef = 7C0760A62EC307F700302407 /* SceneDelegate.m */; };
		7C0760AA2EC307F700302407 /* ViewController.m in Sources */ = {isa = PBXBuildFile; fileRef = 7C0760A92EC307F700302407 /* ViewController.m */; };
		7C0760AD2EC307F700302407 /* Main.storyboard in Resources */ = {isa = PBXBuildFile; fileRef = 7C0760AB2EC307F700302407 /* Main.storyboard */; };
		7C0760AF2EC307F900302407 /* Assets.xcassets in Resources */ = {isa = PBXBuildFile; fileRef = 7C0760AE2EC307F900302407 /* Assets.xcassets */; };
		7C0760B22EC307F900302407 /* LaunchScreen.storyboard in Resources */ = {isa = PBXBuildFile; fileRef = 7C0760B02EC307F900302407 /* LaunchScreen.storyboard */; };
		7C0760B52EC307F900302407 /* main.m in Sources */ = {isa = PBXBuildFile; fileRef = 7C0760B42EC307F900302407 /* main.m */; };
		7CB7AFF62FB6EC0A003E82D9 /* CustomToastView.swift in Sources */ = {isa = PBXBuildFile; fileRef = 7CB7AFE92FB6EC0A003E82D9 /* CustomToastView.swift */; };
		7CB7AFF82FB6EC0A003E82D9 /* VerifyFaceView.swift in Sources */ = {isa = PBXBuildFile; fileRef = 7CB7AFEB2FB6EC0A003E82D9 /* VerifyFaceView.swift */; };
		7CB7AFF92FB6EC0A003E82D9 /* AddFaceByCamera.swift in Sources */ = {isa = PBXBuildFile; fileRef = 7CB7AFED2FB6EC0A003E82D9 /* AddFaceByCamera.swift */; };
		7CB7AFFA2FB6EC0A003E82D9 /* ImagePicker.swift in Sources */ = {isa = PBXBuildFile; fileRef = 7CB7AFEE2FB6EC0A003E82D9 /* ImagePicker.swift */; };
		7CB7AFFB2FB6EC0A003E82D9 /* VerifyTwoFaceSimiView.swift in Sources */ = {isa = PBXBuildFile; fileRef = 7CB7AFEF2FB6EC0A003E82D9 /* VerifyTwoFaceSimiView.swift */; };
		7CB7AFFC2FB6EC0A003E82D9 /* AddFaceByImage.swift in Sources */ = {isa = PBXBuildFile; fileRef = 7CB7AFF02FB6EC0A003E82D9 /* AddFaceByImage.swift */; };
		7CB7AFFD2FB6EC0A003E82D9 /* ScreenBrightnessHelper.swift in Sources */ = {isa = PBXBuildFile; fileRef = 7CB7AFF12FB6EC0A003E82D9 /* ScreenBrightnessHelper.swift */; };
		7CB7AFFE2FB6EC0A003E82D9 /* FaceSDKCameraView.swift in Sources */ = {isa = PBXBuildFile; fileRef = 7CB7AFF22FB6EC0A003E82D9 /* FaceSDKCameraView.swift */; };
		7CB7AFFF2FB6EC0A003E82D9 /* LivenessDetectView.swift in Sources */ = {isa = PBXBuildFile; fileRef = 7CB7AFF32FB6EC0A003E82D9 /* LivenessDetectView.swift */; };
		7CB7B0002FB6EC0A003E82D9 /* FaceAINaviView.swift in Sources */ = {isa = PBXBuildFile; fileRef = 7CB7AFF42FB6EC0A003E82D9 /* FaceAINaviView.swift */; };
		7CB7B0012FB6EC0A003E82D9 /* TTSPlayer.swift in Sources */ = {isa = PBXBuildFile; fileRef = 7CB7AFF52FB6EC0A003E82D9 /* TTSPlayer.swift */; };
		86FDF3E16C2EE3CF985F6FAC /* Pods_ObjectC_FaceAISDK.framework in Frameworks */ = {isa = PBXBuildFile; fileRef = B11C75461DEB65D99C165C15 /* Pods_ObjectC_FaceAISDK.framework */; };
		A96663B325D9DBA6E7D19814 /* FaceAISDKBridge.swift in Sources */ = {isa = PBXBuildFile; fileRef = 3723756DF60B84014A9482CF /* FaceAISDKBridge.swift */; };
		CF7824CA2EC33E3F002D143C /* Localizable.xcstrings in Resources */ = {isa = PBXBuildFile; fileRef = CF7824C92EC33E3F002D143C /* Localizable.xcstrings */; };
/* End PBXBuildFile section */

/* Begin PBXFileReference section */
		0FC27A89ACCB8D8099523FAB /* Pods-ObjectC_FaceAISDK.release.xcconfig */ = {isa = PBXFileReference; includeInIndex = 1; lastKnownFileType = text.xcconfig; name = "Pods-ObjectC_FaceAISDK.release.xcconfig"; path = "Target Support Files/Pods-ObjectC_FaceAISDK/Pods-ObjectC_FaceAISDK.release.xcconfig"; sourceTree = "<group>"; };
		3723756DF60B84014A9482CF /* FaceAISDKBridge.swift */ = {isa = PBXFileReference; fileEncoding = 4; lastKnownFileType = sourcecode.swift; path = FaceAISDKBridge.swift; sourceTree = "<group>"; };
		7C07609F2EC307F700302407 /* ObjectC_FaceAISDK.app */ = {isa = PBXFileReference; explicitFileType = wrapper.application; includeInIndex = 0; path = ObjectC_FaceAISDK.app; sourceTree = BUILT_PRODUCTS_DIR; };
		7C0760A22EC307F700302407 /* AppDelegate.h */ = {isa = PBXFileReference; lastKnownFileType = sourcecode.c.h; path = AppDelegate.h; sourceTree = "<group>"; };
		7C0760A32EC307F700302407 /* AppDelegate.m */ = {isa = PBXFileReference; lastKnownFileType = sourcecode.c.objc; path = AppDelegate.m; sourceTree = "<group>"; };
		7C0760A52EC307F700302407 /* SceneDelegate.h */ = {isa = PBXFileReference; lastKnownFileType = sourcecode.c.h; path = SceneDelegate.h; sourceTree = "<group>"; };
		7C0760A62EC307F700302407 /* SceneDelegate.m */ = {isa = PBXFileReference; lastKnownFileType = sourcecode.c.objc; path = SceneDelegate.m; sourceTree = "<group>"; };
		7C0760A82EC307F700302407 /* ViewController.h */ = {isa = PBXFileReference; lastKnownFileType = sourcecode.c.h; path = ViewController.h; sourceTree = "<group>"; };
		7C0760A92EC307F700302407 /* ViewController.m */ = {isa = PBXFileReference; lastKnownFileType = sourcecode.c.objc; path = ViewController.m; sourceTree = "<group>"; };
		7C0760AC2EC307F700302407 /* Base */ = {isa = PBXFileReference; lastKnownFileType = file.storyboard; name = Base; path = Base.lproj/Main.storyboard; sourceTree = "<group>"; };
		7C0760AE2EC307F900302407 /* Assets.xcassets */ = {isa = PBXFileReference; lastKnownFileType = folder.assetcatalog; path = Assets.xcassets; sourceTree = "<group>"; };
		7C0760B12EC307F900302407 /* Base */ = {isa = PBXFileReference; lastKnownFileType = file.storyboard; name = Base; path = Base.lproj/LaunchScreen.storyboard; sourceTree = "<group>"; };
		7C0760B32EC307F900302407 /* Info.plist */ = {isa = PBXFileReference; lastKnownFileType = text.plist.xml; path = Info.plist; sourceTree = "<group>"; };
		7C0760B42EC307F900302407 /* main.m */ = {isa = PBXFileReference; lastKnownFileType = sourcecode.c.objc; path = main.m; sourceTree = "<group>"; };
		7C313AAE2FB7131A00139DB1 /* ObjectC_FaceAISDK-Bridging-Header.h */ = {isa = PBXFileReference; lastKnownFileType = sourcecode.c.h; path = "ObjectC_FaceAISDK-Bridging-Header.h"; sourceTree = "<group>"; };
		7CB7AFE92FB6EC0A003E82D9 /* CustomToastView.swift */ = {isa = PBXFileReference; fileEncoding = 4; lastKnownFileType = sourcecode.swift; path = CustomToastView.swift; sourceTree = "<group>"; };
		7CB7AFEB2FB6EC0A003E82D9 /* VerifyFaceView.swift */ = {isa = PBXFileReference; fileEncoding = 4; lastKnownFileType = sourcecode.swift; path = VerifyFaceView.swift; sourceTree = "<group>"; };
		7CB7AFED2FB6EC0A003E82D9 /* AddFaceByCamera.swift */ = {isa = PBXFileReference; fileEncoding = 4; lastKnownFileType = sourcecode.swift; path = AddFaceByCamera.swift; sourceTree = "<group>"; };
		7CB7AFEE2FB6EC0A003E82D9 /* ImagePicker.swift */ = {isa = PBXFileReference; fileEncoding = 4; lastKnownFileType = sourcecode.swift; path = ImagePicker.swift; sourceTree = "<group>"; };
		7CB7AFEF2FB6EC0A003E82D9 /* VerifyTwoFaceSimiView.swift */ = {isa = PBXFileReference; fileEncoding = 4; lastKnownFileType = sourcecode.swift; path = VerifyTwoFaceSimiView.swift; sourceTree = "<group>"; };
		7CB7AFF02FB6EC0A003E82D9 /* AddFaceByImage.swift */ = {isa = PBXFileReference; fileEncoding = 4; lastKnownFileType = sourcecode.swift; path = AddFaceByImage.swift; sourceTree = "<group>"; };
		7CB7AFF12FB6EC0A003E82D9 /* ScreenBrightnessHelper.swift */ = {isa = PBXFileReference; fileEncoding = 4; lastKnownFileType = sourcecode.swift; path = ScreenBrightnessHelper.swift; sourceTree = "<group>"; };
		7CB7AFF22FB6EC0A003E82D9 /* FaceSDKCameraView.swift */ = {isa = PBXFileReference; fileEncoding = 4; lastKnownFileType = sourcecode.swift; path = FaceSDKCameraView.swift; sourceTree = "<group>"; };
		7CB7AFF32FB6EC0A003E82D9 /* LivenessDetectView.swift */ = {isa = PBXFileReference; fileEncoding = 4; lastKnownFileType = sourcecode.swift; path = LivenessDetectView.swift; sourceTree = "<group>"; };
		7CB7AFF42FB6EC0A003E82D9 /* FaceAINaviView.swift */ = {isa = PBXFileReference; fileEncoding = 4; lastKnownFileType = sourcecode.swift; path = FaceAINaviView.swift; sourceTree = "<group>"; };
		7CB7AFF52FB6EC0A003E82D9 /* TTSPlayer.swift */ = {isa = PBXFileReference; fileEncoding = 4; lastKnownFileType = sourcecode.swift; path = TTSPlayer.swift; sourceTree = "<group>"; };
		95FCDDDF937FE2F09B90634A /* Pods-ObjectC_FaceAISDK.debug.xcconfig */ = {isa = PBXFileReference; includeInIndex = 1; lastKnownFileType = text.xcconfig; name = "Pods-ObjectC_FaceAISDK.debug.xcconfig"; path = "Target Support Files/Pods-ObjectC_FaceAISDK/Pods-ObjectC_FaceAISDK.debug.xcconfig"; sourceTree = "<group>"; };
		B11C75461DEB65D99C165C15 /* Pods_ObjectC_FaceAISDK.framework */ = {isa = PBXFileReference; explicitFileType = wrapper.framework; includeInIndex = 0; path = Pods_ObjectC_FaceAISDK.framework; sourceTree = BUILT_PRODUCTS_DIR; };
		CEB531A62FBBF21F00327219 /* ObjectC_FaceAISDK-Bridging-Header.h */ = {isa = PBXFileReference; lastKnownFileType = sourcecode.c.h; path = "ObjectC_FaceAISDK-Bridging-Header.h"; sourceTree = "<group>"; };
		CF65FF412EC4C57000FAC49A /* README.md */ = {isa = PBXFileReference; lastKnownFileType = net.daringfireball.markdown; path = README.md; sourceTree = "<group>"; };
		CF7824C92EC33E3F002D143C /* Localizable.xcstrings */ = {isa = PBXFileReference; lastKnownFileType = text.json.xcstrings; path = Localizable.xcstrings; sourceTree = "<group>"; };
/* End PBXFileReference section */

/* Begin PBXFrameworksBuildPhase section */
		7C07609C2EC307F700302407 /* Frameworks */ = {
			isa = PBXFrameworksBuildPhase;
			buildActionMask = 2147483647;
			files = (
				86FDF3E16C2EE3CF985F6FAC /* Pods_ObjectC_FaceAISDK.framework in Frameworks */,
			);
			runOnlyForDeploymentPostprocessing = 0;
		};
/* End PBXFrameworksBuildPhase section */

/* Begin PBXGroup section */
		7C0760962EC307F700302407 = {
			isa = PBXGroup;
			children = (
				CF65FF412EC4C57000FAC49A /* README.md */,
				7C0760A12EC307F700302407 /* ObjectC_FaceAISDK */,
				7C0760A02EC307F700302407 /* Products */,
				AC6415B278DD8F68510D62F4 /* Pods */,
				840CB7FF8B4D1BC84A92DA14 /* Frameworks */,
			);
			sourceTree = "<group>";
		};
		7C0760A02EC307F700302407 /* Products */ = {
			isa = PBXGroup;
			children = (
				7C07609F2EC307F700302407 /* ObjectC_FaceAISDK.app */,
			);
			name = Products;
			sourceTree = "<group>";
		};
		7C0760A12EC307F700302407 /* ObjectC_FaceAISDK */ = {
			isa = PBXGroup;
			children = (
				7CB7AFE82FB6EC0A003E82D9 /* FaceAISDK */,
				7C313AAE2FB7131A00139DB1 /* ObjectC_FaceAISDK-Bridging-Header.h */,
				7C0760A22EC307F700302407 /* AppDelegate.h */,
				7C0760A32EC307F700302407 /* AppDelegate.m */,
				7C0760A52EC307F700302407 /* SceneDelegate.h */,
				7C0760A62EC307F700302407 /* SceneDelegate.m */,
				7C0760A82EC307F700302407 /* ViewController.h */,
				CF7824C92EC33E3F002D143C /* Localizable.xcstrings */,
				7C0760A92EC307F700302407 /* ViewController.m */,
				7C0760AB2EC307F700302407 /* Main.storyboard */,
				7C0760AE2EC307F900302407 /* Assets.xcassets */,
				7C0760B02EC307F900302407 /* LaunchScreen.storyboard */,
				7C0760B32EC307F900302407 /* Info.plist */,
				7C0760B42EC307F900302407 /* main.m */,
			);
			path = ObjectC_FaceAISDK;
			sourceTree = "<group>";
		};
		7CB7AFE82FB6EC0A003E82D9 /* FaceAISDK */ = {
			isa = PBXGroup;
			children = (
				CEB531A62FBBF21F00327219 /* ObjectC_FaceAISDK-Bridging-Header.h */,
				7CB7AFEC2FB6EC0A003E82D9 /* addFace */,
				7CB7AFE92FB6EC0A003E82D9 /* CustomToastView.swift */,
				7CB7AFEB2FB6EC0A003E82D9 /* VerifyFaceView.swift */,
				7CB7AFF12FB6EC0A003E82D9 /* ScreenBrightnessHelper.swift */,
				7CB7AFF22FB6EC0A003E82D9 /* FaceSDKCameraView.swift */,
				7CB7AFF32FB6EC0A003E82D9 /* LivenessDetectView.swift */,
				7CB7AFF42FB6EC0A003E82D9 /* FaceAINaviView.swift */,
				7CB7AFF52FB6EC0A003E82D9 /* TTSPlayer.swift */,
				3723756DF60B84014A9482CF /* FaceAISDKBridge.swift */,
			);
			path = FaceAISDK;
			sourceTree = "<group>";
		};
		7CB7AFEC2FB6EC0A003E82D9 /* addFace */ = {
			isa = PBXGroup;
			children = (
				7CB7AFED2FB6EC0A003E82D9 /* AddFaceByCamera.swift */,
				7CB7AFEE2FB6EC0A003E82D9 /* ImagePicker.swift */,
				7CB7AFEF2FB6EC0A003E82D9 /* VerifyTwoFaceSimiView.swift */,
				7CB7AFF02FB6EC0A003E82D9 /* AddFaceByImage.swift */,
			);
			path = addFace;
			sourceTree = "<group>";
		};
		840CB7FF8B4D1BC84A92DA14 /* Frameworks */ = {
			isa = PBXGroup;
			children = (
				B11C75461DEB65D99C165C15 /* Pods_ObjectC_FaceAISDK.framework */,
			);
			name = Frameworks;
			sourceTree = "<group>";
		};
		AC6415B278DD8F68510D62F4 /* Pods */ = {
			isa = PBXGroup;
			children = (
				95FCDDDF937FE2F09B90634A /* Pods-ObjectC_FaceAISDK.debug.xcconfig */,
				0FC27A89ACCB8D8099523FAB /* Pods-ObjectC_FaceAISDK.release.xcconfig */,
			);
			path = Pods;
			sourceTree = "<group>";
		};
/* End PBXGroup section */

/* Begin PBXNativeTarget section */
		7C07609E2EC307F700302407 /* ObjectC_FaceAISDK */ = {
			isa = PBXNativeTarget;
			buildConfigurationList = 7C0760B82EC307F900302407 /* Build configuration list for PBXNativeTarget "ObjectC_FaceAISDK" */;
			buildPhases = (
				AAD6F849137AB8B3B43B737F /* [CP] Check Pods Manifest.lock */,
				7C07609B2EC307F700302407 /* Sources */,
				7C07609C2EC307F700302407 /* Frameworks */,
				7C07609D2EC307F700302407 /* Resources */,
				7159F7D61ABA5FD9DA6E6F6D /* [CP] Embed Pods Frameworks */,
				05CD4DF3263110FE62C9664A /* [CP] Copy Pods Resources */,
			);
			buildRules = (
			);
			dependencies = (
			);
			name = ObjectC_FaceAISDK;
			packageProductDependencies = (
			);
			productName = ObjectC_FaceAISDK;
			productReference = 7C07609F2EC307F700302407 /* ObjectC_FaceAISDK.app */;
			productType = "com.apple.product-type.application";
		};
/* End PBXNativeTarget section */

/* Begin PBXProject section */
		7C0760972EC307F700302407 /* Project object */ = {
			isa = PBXProject;
			attributes = {
				BuildIndependentTargetsInParallel = 1;
				LastUpgradeCheck = 1520;
				TargetAttributes = {
					7C07609E2EC307F700302407 = {
						CreatedOnToolsVersion = 15.2;
						LastSwiftMigration = 1520;
					};
				};
			};
			buildConfigurationList = 7C07609A2EC307F700302407 /* Build configuration list for PBXProject "ObjectC_FaceAISDK" */;
			compatibilityVersion = "Xcode 15.0";
			developmentRegion = en;
			hasScannedForEncodings = 0;
			knownRegions = (
				en,
				Base,
			);
			mainGroup = 7C0760962EC307F700302407;
			packageReferences = (
			);
			productRefGroup = 7C0760A02EC307F700302407 /* Products */;
			projectDirPath = "";
			projectRoot = "";
			targets = (
				7C07609E2EC307F700302407 /* ObjectC_FaceAISDK */,
			);
		};
/* End PBXProject section */

/* Begin PBXResourcesBuildPhase section */
		7C07609D2EC307F700302407 /* Resources */ = {
			isa = PBXResourcesBuildPhase;
			buildActionMask = 2147483647;
			files = (
				7C0760B22EC307F900302407 /* LaunchScreen.storyboard in Resources */,
				7C0760AF2EC307F900302407 /* Assets.xcassets in Resources */,
				CF7824CA2EC33E3F002D143C /* Localizable.xcstrings in Resources */,
				7C0760AD2EC307F700302407 /* Main.storyboard in Resources */,
			);
			runOnlyForDeploymentPostprocessing = 0;
		};
/* End PBXResourcesBuildPhase section */

/* Begin PBXShellScriptBuildPhase section */
		05CD4DF3263110FE62C9664A /* [CP] Copy Pods Resources */ = {
			isa = PBXShellScriptBuildPhase;
			buildActionMask = 2147483647;
			files = (
			);
			inputFileListPaths = (
				"${PODS_ROOT}/Target Support Files/Pods-ObjectC_FaceAISDK/Pods-ObjectC_FaceAISDK-resources-${CONFIGURATION}-input-files.xcfilelist",
			);
			inputPaths = (
			);
			name = "[CP] Copy Pods Resources";
			outputFileListPaths = (
				"${PODS_ROOT}/Target Support Files/Pods-ObjectC_FaceAISDK/Pods-ObjectC_FaceAISDK-resources-${CONFIGURATION}-output-files.xcfilelist",
			);
			outputPaths = (
			);
			runOnlyForDeploymentPostprocessing = 0;
			shellPath = /bin/sh;
			shellScript = "\"${PODS_ROOT}/Target Support Files/Pods-ObjectC_FaceAISDK/Pods-ObjectC_FaceAISDK-resources.sh\"\n";
			showEnvVarsInLog = 0;
		};
		7159F7D61ABA5FD9DA6E6F6D /* [CP] Embed Pods Frameworks */ = {
			isa = PBXShellScriptBuildPhase;
			buildActionMask = 2147483647;
			files = (
			);
			inputFileListPaths = (
				"${PODS_ROOT}/Target Support Files/Pods-ObjectC_FaceAISDK/Pods-ObjectC_FaceAISDK-frameworks-${CONFIGURATION}-input-files.xcfilelist",
			);
			inputPaths = (
			);
			name = "[CP] Embed Pods Frameworks";
			outputFileListPaths = (
				"${PODS_ROOT}/Target Support Files/Pods-ObjectC_FaceAISDK/Pods-ObjectC_FaceAISDK-frameworks-${CONFIGURATION}-output-files.xcfilelist",
			);
			outputPaths = (
			);
			runOnlyForDeploymentPostprocessing = 0;
			shellPath = /bin/sh;
			shellScript = "\"${PODS_ROOT}/Target Support Files/Pods-ObjectC_FaceAISDK/Pods-ObjectC_FaceAISDK-frameworks.sh\"\n";
			showEnvVarsInLog = 0;
		};
		AAD6F849137AB8B3B43B737F /* [CP] Check Pods Manifest.lock */ = {
			isa = PBXShellScriptBuildPhase;
			buildActionMask = 2147483647;
			files = (
			);
			inputFileListPaths = (
			);
			inputPaths = (
				"${PODS_PODFILE_DIR_PATH}/Podfile.lock",
				"${PODS_ROOT}/Manifest.lock",
			);
			name = "[CP] Check Pods Manifest.lock";
			outputFileListPaths = (
			);
			outputPaths = (
				"$(DERIVED_FILE_DIR)/Pods-ObjectC_FaceAISDK-checkManifestLockResult.txt",
			);
			runOnlyForDeploymentPostprocessing = 0;
			shellPath = /bin/sh;
			shellScript = "diff \"${PODS_PODFILE_DIR_PATH}/Podfile.lock\" \"${PODS_ROOT}/Manifest.lock\" > /dev/null\nif [ $? != 0 ] ; then\n    # print error to STDERR\n    echo \"error: The sandbox is not in sync with the Podfile.lock. Run 'pod install' or update your CocoaPods installation.\" >&2\n    exit 1\nfi\n# This output is used by Xcode 'outputs' to avoid re-running this script phase.\necho \"SUCCESS\" > \"${SCRIPT_OUTPUT_FILE_0}\"\n";
			showEnvVarsInLog = 0;
		};
/* End PBXShellScriptBuildPhase section */

/* Begin PBXSourcesBuildPhase section */
		7C07609B2EC307F700302407 /* Sources */ = {
			isa = PBXSourcesBuildPhase;
			buildActionMask = 2147483647;
			files = (
				7CB7AFF82FB6EC0A003E82D9 /* VerifyFaceView.swift in Sources */,
				7CB7AFFB2FB6EC0A003E82D9 /* VerifyTwoFaceSimiView.swift in Sources */,
				7CB7B0012FB6EC0A003E82D9 /* TTSPlayer.swift in Sources */,
				7CB7AFFF2FB6EC0A003E82D9 /* LivenessDetectView.swift in Sources */,
				7C0760AA2EC307F700302407 /* ViewController.m in Sources */,
				7CB7AFFA2FB6EC0A003E82D9 /* ImagePicker.swift in Sources */,
				7C0760A42EC307F700302407 /* AppDelegate.m in Sources */,
				7CB7B0002FB6EC0A003E82D9 /* FaceAINaviView.swift in Sources */,
				7CB7AFF92FB6EC0A003E82D9 /* AddFaceByCamera.swift in Sources */,
				7CB7AFF62FB6EC0A003E82D9 /* CustomToastView.swift in Sources */,
				7CB7AFFD2FB6EC0A003E82D9 /* ScreenBrightnessHelper.swift in Sources */,
				7CB7AFFE2FB6EC0A003E82D9 /* FaceSDKCameraView.swift in Sources */,
				7C0760B52EC307F900302407 /* main.m in Sources */,
				7CB7AFFC2FB6EC0A003E82D9 /* AddFaceByImage.swift in Sources */,
				A96663B325D9DBA6E7D19814 /* FaceAISDKBridge.swift in Sources */,
				7C0760A72EC307F700302407 /* SceneDelegate.m in Sources */,
			);
			runOnlyForDeploymentPostprocessing = 0;
		};
/* End PBXSourcesBuildPhase section */

/* Begin PBXVariantGroup section */
		7C0760AB2EC307F700302407 /* Main.storyboard */ = {
			isa = PBXVariantGroup;
			children = (
				7C0760AC2EC307F700302407 /* Base */,
			);
			name = Main.storyboard;
			sourceTree = "<group>";
		};
		7C0760B02EC307F900302407 /* LaunchScreen.storyboard */ = {
			isa = PBXVariantGroup;
			children = (
				7C0760B12EC307F900302407 /* Base */,
			);
			name = LaunchScreen.storyboard;
			sourceTree = "<group>";
		};
/* End PBXVariantGroup section */

/* Begin XCBuildConfiguration section */
		7C0760B62EC307F900302407 /* Debug */ = {
			isa = XCBuildConfiguration;
			buildSettings = {
				ALWAYS_EMBED_SWIFT_STANDARD_LIBRARIES = YES;
				ALWAYS_SEARCH_USER_PATHS = NO;
				ASSETCATALOG_COMPILER_GENERATE_SWIFT_ASSET_SYMBOL_EXTENSIONS = YES;
				CLANG_ANALYZER_NONNULL = YES;
				CLANG_ANALYZER_NUMBER_OBJECT_CONVERSION = YES_AGGRESSIVE;
				CLANG_CXX_LANGUAGE_STANDARD = "gnu++20";
				CLANG_ENABLE_MODULES = YES;
				CLANG_ENABLE_OBJC_ARC = YES;
				CLANG_ENABLE_OBJC_WEAK = YES;
				CLANG_WARN_BLOCK_CAPTURE_AUTORELEASING = YES;
				CLANG_WARN_BOOL_CONVERSION = YES;
				CLANG_WARN_COMMA = YES;
				CLANG_WARN_CONSTANT_CONVERSION = YES;
				CLANG_WARN_DEPRECATED_OBJC_IMPLEMENTATIONS = YES;
				CLANG_WARN_DIRECT_OBJC_ISA_USAGE = YES_ERROR;
				CLANG_WARN_DOCUMENTATION_COMMENTS = YES;
				CLANG_WARN_EMPTY_BODY = YES;
				CLANG_WARN_ENUM_CONVERSION = YES;
				CLANG_WARN_INFINITE_RECURSION = YES;
				CLANG_WARN_INT_CONVERSION = YES;
				CLANG_WARN_NON_LITERAL_NULL_CONVERSION = YES;
				CLANG_WARN_OBJC_IMPLICIT_RETAIN_SELF = YES;
				CLANG_WARN_OBJC_LITERAL_CONVERSION = YES;
				CLANG_WARN_OBJC_ROOT_CLASS = YES_ERROR;
				CLANG_WARN_QUOTED_INCLUDE_IN_FRAMEWORK_HEADER = YES;
				CLANG_WARN_RANGE_LOOP_ANALYSIS = YES;
				CLANG_WARN_STRICT_PROTOTYPES = YES;
				CLANG_WARN_SUSPICIOUS_MOVE = YES;
				CLANG_WARN_UNGUARDED_AVAILABILITY = YES_AGGRESSIVE;
				CLANG_WARN_UNREACHABLE_CODE = YES;
				CLANG_WARN__DUPLICATE_METHOD_MATCH = YES;
				COPY_PHASE_STRIP = NO;
				DEBUG_INFORMATION_FORMAT = dwarf;
				DEFINES_MODULE = YES;
				ENABLE_STRICT_OBJC_MSGSEND = YES;
				ENABLE_TESTABILITY = YES;
				ENABLE_USER_SCRIPT_SANDBOXING = NO;
				GCC_C_LANGUAGE_STANDARD = gnu17;
				GCC_DYNAMIC_NO_PIC = NO;
				GCC_NO_COMMON_BLOCKS = YES;
				GCC_OPTIMIZATION_LEVEL = 0;
				GCC_PREPROCESSOR_DEFINITIONS = (
					"DEBUG=1",
					"$(inherited)",
				);
				GCC_WARN_64_TO_32_BIT_CONVERSION = YES;
				GCC_WARN_ABOUT_RETURN_TYPE = YES_ERROR;
				GCC_WARN_UNDECLARED_SELECTOR = YES;
				GCC_WARN_UNINITIALIZED_AUTOS = YES_AGGRESSIVE;
				GCC_WARN_UNUSED_FUNCTION = YES;
				GCC_WARN_UNUSED_VARIABLE = YES;
				IPHONEOS_DEPLOYMENT_TARGET = 16.0;
				LOCALIZATION_PREFERS_STRING_CATALOGS = YES;
				MTL_ENABLE_DEBUG_INFO = INCLUDE_SOURCE;
				MTL_FAST_MATH = YES;
				ONLY_ACTIVE_ARCH = YES;
				SDKROOT = iphoneos;
			};
			name = Debug;
		};
		7C0760B72EC307F900302407 /* Release */ = {
			isa = XCBuildConfiguration;
			buildSettings = {
				ALWAYS_EMBED_SWIFT_STANDARD_LIBRARIES = YES;
				ALWAYS_SEARCH_USER_PATHS = NO;
				ASSETCATALOG_COMPILER_GENERATE_SWIFT_ASSET_SYMBOL_EXTENSIONS = YES;
				CLANG_ANALYZER_NONNULL = YES;
				CLANG_ANALYZER_NUMBER_OBJECT_CONVERSION = YES_AGGRESSIVE;
				CLANG_CXX_LANGUAGE_STANDARD = "gnu++20";
				CLANG_ENABLE_MODULES = YES;
				CLANG_ENABLE_OBJC_ARC = YES;
				CLANG_ENABLE_OBJC_WEAK = YES;
				CLANG_WARN_BLOCK_CAPTURE_AUTORELEASING = YES;
				CLANG_WARN_BOOL_CONVERSION = YES;
				CLANG_WARN_COMMA = YES;
				CLANG_WARN_CONSTANT_CONVERSION = YES;
				CLANG_WARN_DEPRECATED_OBJC_IMPLEMENTATIONS = YES;
				CLANG_WARN_DIRECT_OBJC_ISA_USAGE = YES_ERROR;
				CLANG_WARN_DOCUMENTATION_COMMENTS = YES;
				CLANG_WARN_EMPTY_BODY = YES;
				CLANG_WARN_ENUM_CONVERSION = YES;
				CLANG_WARN_INFINITE_RECURSION = YES;
				CLANG_WARN_INT_CONVERSION = YES;
				CLANG_WARN_NON_LITERAL_NULL_CONVERSION = YES;
				CLANG_WARN_OBJC_IMPLICIT_RETAIN_SELF = YES;
				CLANG_WARN_OBJC_LITERAL_CONVERSION = YES;
				CLANG_WARN_OBJC_ROOT_CLASS = YES_ERROR;
				CLANG_WARN_QUOTED_INCLUDE_IN_FRAMEWORK_HEADER = YES;
				CLANG_WARN_RANGE_LOOP_ANALYSIS = YES;
				CLANG_WARN_STRICT_PROTOTYPES = YES;
				CLANG_WARN_SUSPICIOUS_MOVE = YES;
				CLANG_WARN_UNGUARDED_AVAILABILITY = YES_AGGRESSIVE;
				CLANG_WARN_UNREACHABLE_CODE = YES;
				CLANG_WARN__DUPLICATE_METHOD_MATCH = YES;
				COPY_PHASE_STRIP = NO;
				DEBUG_INFORMATION_FORMAT = "dwarf-with-dsym";
				DEFINES_MODULE = YES;
				ENABLE_NS_ASSERTIONS = NO;
				ENABLE_STRICT_OBJC_MSGSEND = YES;
				ENABLE_USER_SCRIPT_SANDBOXING = NO;
				GCC_C_LANGUAGE_STANDARD = gnu17;
				GCC_NO_COMMON_BLOCKS = YES;
				GCC_WARN_64_TO_32_BIT_CONVERSION = YES;
				GCC_WARN_ABOUT_RETURN_TYPE = YES_ERROR;
				GCC_WARN_UNDECLARED_SELECTOR = YES;
				GCC_WARN_UNINITIALIZED_AUTOS = YES_AGGRESSIVE;
				GCC_WARN_UNUSED_FUNCTION = YES;
				GCC_WARN_UNUSED_VARIABLE = YES;
				IPHONEOS_DEPLOYMENT_TARGET = 16.0;
				LOCALIZATION_PREFERS_STRING_CATALOGS = YES;
				MTL_ENABLE_DEBUG_INFO = NO;
				MTL_FAST_MATH = YES;
				SDKROOT = iphoneos;
				VALIDATE_PRODUCT = YES;
			};
			name = Release;
		};
		7C0760B92EC307F900302407 /* Debug */ = {
			isa = XCBuildConfiguration;
			baseConfigurationReference = 95FCDDDF937FE2F09B90634A /* Pods-ObjectC_FaceAISDK.debug.xcconfig */;
			buildSettings = {
				ASSETCATALOG_COMPILER_APPICON_NAME = AppIcon;
				ASSETCATALOG_COMPILER_GLOBAL_ACCENT_COLOR_NAME = AccentColor;
				CLANG_ENABLE_MODULES = YES;
				CODE_SIGN_STYLE = Automatic;
				CURRENT_PROJECT_VERSION = 1;
				DEFINES_MODULE = YES;
				DEVELOPMENT_TEAM = R45LY736NP;
				GENERATE_INFOPLIST_FILE = YES;
				INFOPLIST_FILE = ObjectC_FaceAISDK/Info.plist;
				INFOPLIST_KEY_NSCameraUsageDescription = "需要访问相机以完成人脸录入和活体检测功能";
				INFOPLIST_KEY_NSPhotoLibraryAddUsageDescription = "需要保存照片到相册";
				INFOPLIST_KEY_NSPhotoLibraryUsageDescription = "需要访问相册以通过图片录入人脸信息";
				INFOPLIST_KEY_UIApplicationSupportsIndirectInputEvents = YES;
				INFOPLIST_KEY_UILaunchStoryboardName = LaunchScreen;
				INFOPLIST_KEY_UIMainStoryboardFile = Main;
				INFOPLIST_KEY_UISupportedInterfaceOrientations_iPad = "UIInterfaceOrientationPortrait UIInterfaceOrientationPortraitUpsideDown UIInterfaceOrientationLandscapeLeft UIInterfaceOrientationLandscapeRight";
				INFOPLIST_KEY_UISupportedInterfaceOrientations_iPhone = "UIInterfaceOrientationPortrait UIInterfaceOrientationLandscapeLeft UIInterfaceOrientationLandscapeRight";
				IPHONEOS_DEPLOYMENT_TARGET = 15.5;
				LD_RUNPATH_SEARCH_PATHS = (
					"$(inherited)",
					"@executable_path/Frameworks",
				);
				MARKETING_VERSION = 1.0;
				PRODUCT_BUNDLE_IDENTIFIER = com.fooww.meijuyun;
				PRODUCT_NAME = "$(TARGET_NAME)";
				SWIFT_EMIT_LOC_STRINGS = YES;
				SWIFT_INSTALL_OBJC_HEADER = YES;
				SWIFT_OBJC_BRIDGING_HEADER = "$(SRCROOT)/ObjectC_FaceAISDK/ObjectC_FaceAISDK-Bridging-Header.h";
				SWIFT_OPTIMIZATION_LEVEL = "-Onone";
				SWIFT_VERSION = 5.0;
				TARGETED_DEVICE_FAMILY = "1,2";
			};
			name = Debug;
		};
		7C0760BA2EC307F900302407 /* Release */ = {
			isa = XCBuildConfiguration;
			baseConfigurationReference = 0FC27A89ACCB8D8099523FAB /* Pods-ObjectC_FaceAISDK.release.xcconfig */;
			buildSettings = {
				ALWAYS_EMBED_SWIFT_STANDARD_LIBRARIES = YES;
				ASSETCATALOG_COMPILER_APPICON_NAME = AppIcon;
				ASSETCATALOG_COMPILER_GLOBAL_ACCENT_COLOR_NAME = AccentColor;
				CLANG_ENABLE_MODULES = YES;
				CODE_SIGN_STYLE = Automatic;
				CURRENT_PROJECT_VERSION = 1;
				DEFINES_MODULE = YES;
				DEVELOPMENT_TEAM = R45LY736NP;
				GENERATE_INFOPLIST_FILE = YES;
				INFOPLIST_FILE = ObjectC_FaceAISDK/Info.plist;
				INFOPLIST_KEY_NSCameraUsageDescription = "需要访问相机以完成人脸录入和活体检测功能";
				INFOPLIST_KEY_NSPhotoLibraryAddUsageDescription = "需要保存照片到相册";
				INFOPLIST_KEY_NSPhotoLibraryUsageDescription = "需要访问相册以通过图片录入人脸信息";
				INFOPLIST_KEY_UIApplicationSupportsIndirectInputEvents = YES;
				INFOPLIST_KEY_UILaunchStoryboardName = LaunchScreen;
				INFOPLIST_KEY_UIMainStoryboardFile = Main;
				INFOPLIST_KEY_UISupportedInterfaceOrientations_iPad = "UIInterfaceOrientationPortrait UIInterfaceOrientationPortraitUpsideDown UIInterfaceOrientationLandscapeLeft UIInterfaceOrientationLandscapeRight";
				INFOPLIST_KEY_UISupportedInterfaceOrientations_iPhone = "UIInterfaceOrientationPortrait UIInterfaceOrientationLandscapeLeft UIInterfaceOrientationLandscapeRight";
				IPHONEOS_DEPLOYMENT_TARGET = 15.5;
				LD_RUNPATH_SEARCH_PATHS = (
					"$(inherited)",
					"@executable_path/Frameworks",
				);
				MARKETING_VERSION = 1.0;
				PRODUCT_BUNDLE_IDENTIFIER = com.fooww.meijuyun;
				PRODUCT_NAME = "$(TARGET_NAME)";
				SWIFT_EMIT_LOC_STRINGS = YES;
				SWIFT_INSTALL_OBJC_HEADER = YES;
				SWIFT_OBJC_BRIDGING_HEADER = "$(SRCROOT)/ObjectC_FaceAISDK/ObjectC_FaceAISDK-Bridging-Header.h";
				SWIFT_VERSION = 5.0;
				TARGETED_DEVICE_FAMILY = "1,2";
			};
			name = Release;
		};
/* End XCBuildConfiguration section */

/* Begin XCConfigurationList section */
		7C07609A2EC307F700302407 /* Build configuration list for PBXProject "ObjectC_FaceAISDK" */ = {
			isa = XCConfigurationList;
			buildConfigurations = (
				7C0760B62EC307F900302407 /* Debug */,
				7C0760B72EC307F900302407 /* Release */,
			);
			defaultConfigurationIsVisible = 0;
			defaultConfigurationName = Release;
		};
		7C0760B82EC307F900302407 /* Build configuration list for PBXNativeTarget "ObjectC_FaceAISDK" */ = {
			isa = XCConfigurationList;
			buildConfigurations = (
				7C0760B92EC307F900302407 /* Debug */,
				7C0760BA2EC307F900302407 /* Release */,
			);
			defaultConfigurationIsVisible = 0;
			defaultConfigurationName = Release;
		};
/* End XCConfigurationList section */
	};
	rootObject = 7C0760972EC307F700302407 /* Project object */;
}
